
Microsoft Visual Studio Solution File, Format Version 12.00
# Visual Studio Version 16
VisualStudioVersion = 16.0.30114.105
MinimumVisualStudioVersion = 10.0.40219.1
Project("{2150E333-8FDC-42A3-9474-1A3956D46DE8}") = "src", "src", "{E4877715-B093-4D33-B34B-390082E0CF45}"
EndProject
Project("{2150E333-8FDC-42A3-9474-1A3956D46DE8}") = "Shared", "Shared", "{7BDA512F-1948-4236-B8D5-8113AEACAB47}"
EndProject
Project("{FAE04EC0-301F-11D3-BF4B-00C04F79EFBC}") = "Modular.Shared.Abstractions", "src\Shared\Modular.Shared.Abstractions\Modular.Shared.Abstractions.csproj", "{69130E55-76EB-4BAE-941A-4CE51FE095FE}"
EndProject
Project("{FAE04EC0-301F-11D3-BF4B-00C04F79EFBC}") = "Modular.Shared.Infrastructure", "src\Shared\Modular.Shared.Infrastructure\Modular.Shared.Infrastructure.csproj", "{779D1283-AF44-4DE5-9F7D-B1562C8CA9D6}"
EndProject
Global
	GlobalSection(SolutionConfigurationPlatforms) = preSolution
		Debug|Any CPU = Debug|Any CPU
		Release|Any CPU = Release|Any CPU
	EndGlobalSection
	GlobalSection(SolutionProperties) = preSolution
		HideSolutionNode = FALSE
	EndGlobalSection
	GlobalSection(ProjectConfigurationPlatforms) = postSolution
		{69130E55-76EB-4BAE-941A-4CE51FE095FE}.Debug|Any CPU.ActiveCfg = Debug|Any CPU
		{69130E55-76EB-4BAE-941A-4CE51FE095FE}.Debug|Any CPU.Build.0 = Debug|Any CPU
		{69130E55-76EB-4BAE-941A-4CE51FE095FE}.Release|Any CPU.ActiveCfg = Release|Any CPU
		{69130E55-76EB-4BAE-941A-4CE51FE095FE}.Release|Any CPU.Build.0 = Release|Any CPU
		{779D1283-AF44-4DE5-9F7D-B1562C8CA9D6}.Debug|Any CPU.ActiveCfg = Debug|Any CPU
		{779D1283-AF44-4DE5-9F7D-B1562C8CA9D6}.Debug|Any CPU.Build.0 = Debug|Any CPU
		{779D1283-AF44-4DE5-9F7D-B1562C8CA9D6}.Release|Any CPU.ActiveCfg = Release|Any CPU
		{779D1283-AF44-4DE5-9F7D-B1562C8CA9D6}.Release|Any CPU.Build.0 = Release|Any CPU
	EndGlobalSection
	GlobalSection(NestedProjects) = preSolution
		{7BDA512F-1948-4236-B8D5-8113AEACAB47} = {E4877715-B093-4D33-B34B-390082E0CF45}
		{69130E55-76EB-4BAE-941A-4CE51FE095FE} = {7BDA512F-1948-4236-B8D5-8113AEACAB47}
		{779D1283-AF44-4DE5-9F7D-B1562C8CA9D6} = {7BDA512F-1948-4236-B8D5-8113AEACAB47}
	EndGlobalSection
EndGlobal
